{
    "_meta": {
        "hash": {
            "sha256": "7e2e39dcf7c0d1d35e37a10ac72e24bcfca0fc2a72741fa6094c946870b5ae73"
        },
        "pipfile-spec": 6,
        "requires": {},
        "sources": [
            {
                "name": "pypi",
                "url": "https://pypi.python.org/simple",
                "verify_ssl": true
            }
        ]
    },
    "default": {
        "pika": {
            "hashes": [
                "sha256:15357ddc47a5c28f0b07d80e93d504cbbf7a1ad5e1cd129ecd27afe76472c529",
                "sha256:9195f37aed089862b205fd8f8ce1cc6ea0a7ee3cd80f58e6eea6cb9d8411a647"
            ],
            "index": "pypi",
            "version": "==1.3.0"
        }
    },
    "develop": {}
}
